// !$*UTF8*$!
{
	archiveVersion = 1;
	classes = {
	};
	objectVersion = 56;
	objects = {

/* Begin PBXBuildFile section */
		6B7155A92990249700FCAF90 /* LandmarksApp.swift in Sources */ = {isa = PBXBuildFile; fileRef = 6B7155A82990249700FCAF90 /* LandmarksApp.swift */; };
		6B7155AB2990249700FCAF90 /* ContentView.swift in Sources */ = {isa = PBXBuildFile; fileRef = 6B7155AA2990249700FCAF90 /* ContentView.swift */; };
		6B7155AD2990249C00FCAF90 /* Assets.xcassets in Resources */ = {isa = PBXBuildFile; fileRef = 6B7155AC2990249C00FCAF90 /* Assets.xcassets */; };
		6B7155B02990249C00FCAF90 /* Preview Assets.xcassets in Resources */ = {isa = PBXBuildFile; fileRef = 6B7155AF2990249C00FCAF90 /* Preview Assets.xcassets */; };
		6B7155B72990326F00FCAF90 /* CircleImage.swift in Sources */ = {isa = PBXBuildFile; fileRef = 6B7155B62990326F00FCAF90 /* CircleImage.swift */; };
		6B7155B929903A3800FCAF90 /* MapView.swift in Sources */ = {isa = PBXBuildFile; fileRef = 6B7155B829903A3800FCAF90 /* MapView.swift */; };
		6B7155BB2990465C00FCAF90 /* landmarkData.json in Resources */ = {isa = PBXBuildFile; fileRef = 6B7155BA2990465C00FCAF90 /* landmarkData.json */; };
		6B7155BD2990469200FCAF90 /* Landmark.swift in Sources */ = {isa = PBXBuildFile; fileRef = 6B7155BC2990469200FCAF90 /* Landmark.swift */; };
		6B7155C129904C4700FCAF90 /* ModelData.swift in Sources */ = {isa = PBXBuildFile; fileRef = 6B7155C029904C4700FCAF90 /* ModelData.swift */; };
		6B9A0343299282A50046C959 /* LandmarkRow.swift in Sources */ = {isa = PBXBuildFile; fileRef = 6B9A0342299282A50046C959 /* LandmarkRow.swift */; };
		6B9A0345299285020046C959 /* LandmarkList.swift in Sources */ = {isa = PBXBuildFile; fileRef = 6B9A0344299285020046C959 /* LandmarkList.swift */; };
		6B9A0347299287C70046C959 /* LandmarkDetail.swift in Sources */ = {isa = PBXBuildFile; fileRef = 6B9A0346299287C70046C959 /* LandmarkDetail.swift */; };
		6B9A03492993FBCE0046C959 /* FavoriteButton.swift in Sources */ = {isa = PBXBuildFile; fileRef = 6B9A03482993FBCE0046C959 /* FavoriteButton.swift */; };
		6BBEFDF2299501B500EEB81F /* HexagonParameters.swift in Sources */ = {isa = PBXBuildFile; fileRef = 6BBEFDF1299501B500EEB81F /* HexagonParameters.swift */; };
		6BBEFDF4299505D800EEB81F /* BadgeBackground.swift in Sources */ = {isa = PBXBuildFile; fileRef = 6BBEFDF3299505D800EEB81F /* BadgeBackground.swift */; };
		6BBEFDF929950E3100EEB81F /* BadgeSymbol.swift in Sources */ = {isa = PBXBuildFile; fileRef = 6BBEFDF829950E3100EEB81F /* BadgeSymbol.swift */; };
		6BBEFDFB29951E5700EEB81F /* RotatedBadgeSymbol.swift in Sources */ = {isa = PBXBuildFile; fileRef = 6BBEFDFA29951E5700EEB81F /* RotatedBadgeSymbol.swift */; };
		6BBEFDFD299520D000EEB81F /* Badge.swift in Sources */ = {isa = PBXBuildFile; fileRef = 6BBEFDFC299520D000EEB81F /* Badge.swift */; };
/* End PBXBuildFile section */

/* Begin PBXFileReference section */
		6B7155A52990249600FCAF90 /* Landmarks.app */ = {isa = PBXFileReference; explicitFileType = wrapper.application; includeInIndex = 0; path = Landmarks.app; sourceTree = BUILT_PRODUCTS_DIR; };
		6B7155A82990249700FCAF90 /* LandmarksApp.swift */ = {isa = PBXFileReference; lastKnownFileType = sourcecode.swift; path = LandmarksApp.swift; sourceTree = "<group>"; };
		6B7155AA2990249700FCAF90 /* ContentView.swift */ = {isa = PBXFileReference; lastKnownFileType = sourcecode.swift; path = ContentView.swift; sourceTree = "<group>"; };
		6B7155AC2990249C00FCAF90 /* Assets.xcassets */ = {isa = PBXFileReference; lastKnownFileType = folder.assetcatalog; path = Assets.xcassets; sourceTree = "<group>"; };
		6B7155AF2990249C00FCAF90 /* Preview Assets.xcassets */ = {isa = PBXFileReference; lastKnownFileType = folder.assetcatalog; path = "Preview Assets.xcassets"; sourceTree = "<group>"; };
		6B7155B62990326F00FCAF90 /* CircleImage.swift */ = {isa = PBXFileReference; lastKnownFileType = sourcecode.swift; path = CircleImage.swift; sourceTree = "<group>"; };
		6B7155B829903A3800FCAF90 /* MapView.swift */ = {isa = PBXFileReference; lastKnownFileType = sourcecode.swift; path = MapView.swift; sourceTree = "<group>"; };
		6B7155BA2990465C00FCAF90 /* landmarkData.json */ = {isa = PBXFileReference; fileEncoding = 4; lastKnownFileType = text.json; path = landmarkData.json; sourceTree = "<group>"; };
		6B7155BC2990469200FCAF90 /* Landmark.swift */ = {isa = PBXFileReference; lastKnownFileType = sourcecode.swift; path = Landmark.swift; sourceTree = "<group>"; };
		6B7155C029904C4700FCAF90 /* ModelData.swift */ = {isa = PBXFileReference; lastKnownFileType = sourcecode.swift; path = ModelData.swift; sourceTree = "<group>"; };
		6B9A0342299282A50046C959 /* LandmarkRow.swift */ = {isa = PBXFileReference; lastKnownFileType = sourcecode.swift; path = LandmarkRow.swift; sourceTree = "<group>"; };
		6B9A0344299285020046C959 /* LandmarkList.swift */ = {isa = PBXFileReference; lastKnownFileType = sourcecode.swift; path = LandmarkList.swift; sourceTree = "<group>"; };
		6B9A0346299287C70046C959 /* LandmarkDetail.swift */ = {isa = PBXFileReference; lastKnownFileType = sourcecode.swift; path = LandmarkDetail.swift; sourceTree = "<group>"; };
		6B9A03482993FBCE0046C959 /* FavoriteButton.swift */ = {isa = PBXFileReference; lastKnownFileType = sourcecode.swift; path = FavoriteButton.swift; sourceTree = "<group>"; };
		6BBEFDF1299501B500EEB81F /* HexagonParameters.swift */ = {isa = PBXFileReference; lastKnownFileType = sourcecode.swift; path = HexagonParameters.swift; sourceTree = "<group>"; };
		6BBEFDF3299505D800EEB81F /* BadgeBackground.swift */ = {isa = PBXFileReference; lastKnownFileType = sourcecode.swift; path = BadgeBackground.swift; sourceTree = "<group>"; };
		6BBEFDF829950E3100EEB81F /* BadgeSymbol.swift */ = {isa = PBXFileReference; lastKnownFileType = sourcecode.swift; path = BadgeSymbol.swift; sourceTree = "<group>"; };
		6BBEFDFA29951E5700EEB81F /* RotatedBadgeSymbol.swift */ = {isa = PBXFileReference; lastKnownFileType = sourcecode.swift; path = RotatedBadgeSymbol.swift; sourceTree = "<group>"; };
		6BBEFDFC299520D000EEB81F /* Badge.swift */ = {isa = PBXFileReference; lastKnownFileType = sourcecode.swift; path = Badge.swift; sourceTree = "<group>"; };
/* End PBXFileReference section */

/* Begin PBXFrameworksBuildPhase section */
		6B7155A22990249600FCAF90 /* Frameworks */ = {
			isa = PBXFrameworksBuildPhase;
			buildActionMask = 2147483647;
			files = (
			);
			runOnlyForDeploymentPostprocessing = 0;
		};
/* End PBXFrameworksBuildPhase section */

/* Begin PBXGroup section */
		6B71559C2990249600FCAF90 = {
			isa = PBXGroup;
			children = (
				6B7155A72990249600FCAF90 /* Landmarks */,
				6B7155A62990249600FCAF90 /* Products */,
			);
			sourceTree = "<group>";
		};
		6B7155A62990249600FCAF90 /* Products */ = {
			isa = PBXGroup;
			children = (
				6B7155A52990249600FCAF90 /* Landmarks.app */,
			);
			name = Products;
			sourceTree = "<group>";
		};
		6B7155A72990249600FCAF90 /* Landmarks */ = {
			isa = PBXGroup;
			children = (
				6B7155A82990249700FCAF90 /* LandmarksApp.swift */,
				6B7155BE2990469B00FCAF90 /* Views */,
				6B7155BF2990470400FCAF90 /* Models */,
				6B9A033F2992823D0046C959 /* Resourses */,
				6B7155AC2990249C00FCAF90 /* Assets.xcassets */,
				6B7155AE2990249C00FCAF90 /* Preview Content */,
			);
			path = Landmarks;
			sourceTree = "<group>";
		};
		6B7155AE2990249C00FCAF90 /* Preview Content */ = {
			isa = PBXGroup;
			children = (
				6B7155AF2990249C00FCAF90 /* Preview Assets.xcassets */,
			);
			path = "Preview Content";
			sourceTree = "<group>";
		};
		6B7155BE2990469B00FCAF90 /* Views */ = {
			isa = PBXGroup;
			children = (
				6B7155AA2990249700FCAF90 /* ContentView.swift */,
				6BBEFDF029942E6000EEB81F /* Landmarks */,
				6BBEFDEF29942E1B00EEB81F /* Helpers */,
				6BBEFDF529950D3300EEB81F /* Badges */,
			);
			path = Views;
			sourceTree = "<group>";
		};
		6B7155BF2990470400FCAF90 /* Models */ = {
			isa = PBXGroup;
			children = (
				6B7155BC2990469200FCAF90 /* Landmark.swift */,
				6B7155C029904C4700FCAF90 /* ModelData.swift */,
			);
			path = Models;
			sourceTree = "<group>";
		};
		6B9A033F2992823D0046C959 /* Resourses */ = {
			isa = PBXGroup;
			children = (
				6B7155BA2990465C00FCAF90 /* landmarkData.json */,
			);
			path = Resourses;
			sourceTree = "<group>";
		};
		6BBEFDEF29942E1B00EEB81F /* Helpers */ = {
			isa = PBXGroup;
			children = (
				6B7155B62990326F00FCAF90 /* CircleImage.swift */,
				6B7155B829903A3800FCAF90 /* MapView.swift */,
				6B9A03482993FBCE0046C959 /* FavoriteButton.swift */,
			);
			path = Helpers;
			sourceTree = "<group>";
		};
		6BBEFDF029942E6000EEB81F /* Landmarks */ = {
			isa = PBXGroup;
			children = (
				6B9A0342299282A50046C959 /* LandmarkRow.swift */,
				6B9A0344299285020046C959 /* LandmarkList.swift */,
				6B9A0346299287C70046C959 /* LandmarkDetail.swift */,
			);
			path = Landmarks;
			sourceTree = "<group>";
		};
		6BBEFDF529950D3300EEB81F /* Badges */ = {
			isa = PBXGroup;
			children = (
				6BBEFDFC299520D000EEB81F /* Badge.swift */,
				6BBEFDF3299505D800EEB81F /* BadgeBackground.swift */,
				6BBEFDF829950E3100EEB81F /* BadgeSymbol.swift */,
				6BBEFDFA29951E5700EEB81F /* RotatedBadgeSymbol.swift */,
				6BBEFDF1299501B500EEB81F /* HexagonParameters.swift */,
			);
			path = Badges;
			sourceTree = "<group>";
		};
/* End PBXGroup section */

/* Begin PBXNativeTarget section */
		6B7155A42990249600FCAF90 /* Landmarks */ = {
			isa = PBXNativeTarget;
			buildConfigurationList = 6B7155B32990249C00FCAF90 /* Build configuration list for PBXNativeTarget "Landmarks" */;
			buildPhases = (
				6B7155A12990249600FCAF90 /* Sources */,
				6B7155A22990249600FCAF90 /* Frameworks */,
				6B7155A32990249600FCAF90 /* Resources */,
			);
			buildRules = (
			);
			dependencies = (
			);
			name = Landmarks;
			productName = Landmarks;
			productReference = 6B7155A52990249600FCAF90 /* Landmarks.app */;
			productType = "com.apple.product-type.application";
		};
/* End PBXNativeTarget section */

/* Begin PBXProject section */
		6B71559D2990249600FCAF90 /* Project object */ = {
			isa = PBXProject;
			attributes = {
				BuildIndependentTargetsInParallel = 1;
				LastSwiftUpdateCheck = 1420;
				LastUpgradeCheck = 1420;
				TargetAttributes = {
					6B7155A42990249600FCAF90 = {
						CreatedOnToolsVersion = 14.2;
					};
				};
			};
			buildConfigurationList = 6B7155A02990249600FCAF90 /* Build configuration list for PBXProject "Landmarks" */;
			compatibilityVersion = "Xcode 14.0";
			developmentRegion = en;
			hasScannedForEncodings = 0;
			knownRegions = (
				en,
				Base,
			);
			mainGroup = 6B71559C2990249600FCAF90;
			productRefGroup = 6B7155A62990249600FCAF90 /* Products */;
			projectDirPath = "";
			projectRoot = "";
			targets = (
				6B7155A42990249600FCAF90 /* Landmarks */,
			);
		};
/* End PBXProject section */

/* Begin PBXResourcesBuildPhase section */
		6B7155A32990249600FCAF90 /* Resources */ = {
			isa = PBXResourcesBuildPhase;
			buildActionMask = 2147483647;
			files = (
				6B7155B02990249C00FCAF90 /* Preview Assets.xcassets in Resources */,
				6B7155AD2990249C00FCAF90 /* Assets.xcassets in Resources */,
				6B7155BB2990465C00FCAF90 /* landmarkData.json in Resources */,
			);
			runOnlyForDeploymentPostprocessing = 0;
		};
/* End PBXResourcesBuildPhase section */

/* Begin PBXSourcesBuildPhase section */
		6B7155A12990249600FCAF90 /* Sources */ = {
			isa = PBXSourcesBuildPhase;
			buildActionMask = 2147483647;
			files = (
				6B7155AB2990249700FCAF90 /* ContentView.swift in Sources */,
				6BBEFDFD299520D000EEB81F /* Badge.swift in Sources */,
				6B7155B929903A3800FCAF90 /* MapView.swift in Sources */,
				6B7155A92990249700FCAF90 /* LandmarksApp.swift in Sources */,
				6B9A03492993FBCE0046C959 /* FavoriteButton.swift in Sources */,
				6BBEFDF2299501B500EEB81F /* HexagonParameters.swift in Sources */,
				6BBEFDFB29951E5700EEB81F /* RotatedBadgeSymbol.swift in Sources */,
				6BBEFDF929950E3100EEB81F /* BadgeSymbol.swift in Sources */,
				6B9A0345299285020046C959 /* LandmarkList.swift in Sources */,
				6B9A0347299287C70046C959 /* LandmarkDetail.swift in Sources */,
				6BBEFDF4299505D800EEB81F /* BadgeBackground.swift in Sources */,
				6B7155B72990326F00FCAF90 /* CircleImage.swift in Sources */,
				6B7155BD2990469200FCAF90 /* Landmark.swift in Sources */,
				6B9A0343299282A50046C959 /* LandmarkRow.swift in Sources */,
				6B7155C129904C4700FCAF90 /* ModelData.swift in Sources */,
			);
			runOnlyForDeploymentPostprocessing = 0;
		};
/* End PBXSourcesBuildPhase section */

/* Begin XCBuildConfiguration section */
		6B7155B12990249C00FCAF90 /* Debug */ = {
			isa = XCBuildConfiguration;
			buildSettings = {
				ALWAYS_SEARCH_USER_PATHS = NO;
				CLANG_ANALYZER_NONNULL = YES;
				CLANG_ANALYZER_NUMBER_OBJECT_CONVERSION = YES_AGGRESSIVE;
				CLANG_CXX_LANGUAGE_STANDARD = "gnu++20";
				CLANG_ENABLE_MODULES = YES;
				CLANG_ENABLE_OBJC_ARC = YES;
				CLANG_ENABLE_OBJC_WEAK = YES;
				CLANG_WARN_BLOCK_CAPTURE_AUTORELEASING = YES;
				CLANG_WARN_BOOL_CONVERSION = YES;
				CLANG_WARN_COMMA = YES;
				CLANG_WARN_CONSTANT_CONVERSION = YES;
				CLANG_WARN_DEPRECATED_OBJC_IMPLEMENTATIONS = YES;
				CLANG_WARN_DIRECT_OBJC_ISA_USAGE = YES_ERROR;
				CLANG_WARN_DOCUMENTATION_COMMENTS = YES;
				CLANG_WARN_EMPTY_BODY = YES;
				CLANG_WARN_ENUM_CONVERSION = YES;
				CLANG_WARN_INFINITE_RECURSION = YES;
				CLANG_WARN_INT_CONVERSION = YES;
				CLANG_WARN_NON_LITERAL_NULL_CONVERSION = YES;
				CLANG_WARN_OBJC_IMPLICIT_RETAIN_SELF = YES;
				CLANG_WARN_OBJC_LITERAL_CONVERSION = YES;
				CLANG_WARN_OBJC_ROOT_CLASS = YES_ERROR;
				CLANG_WARN_QUOTED_INCLUDE_IN_FRAMEWORK_HEADER = YES;
				CLANG_WARN_RANGE_LOOP_ANALYSIS = YES;
				CLANG_WARN_STRICT_PROTOTYPES = YES;
				CLANG_WARN_SUSPICIOUS_MOVE = YES;
				CLANG_WARN_UNGUARDED_AVAILABILITY = YES_AGGRESSIVE;
				CLANG_WARN_UNREACHABLE_CODE = YES;
				CLANG_WARN__DUPLICATE_METHOD_MATCH = YES;
				COPY_PHASE_STRIP = NO;
				DEBUG_INFORMATION_FORMAT = dwarf;
				ENABLE_STRICT_OBJC_MSGSEND = YES;
				ENABLE_TESTABILITY = YES;
				GCC_C_LANGUAGE_STANDARD = gnu11;
				GCC_DYNAMIC_NO_PIC = NO;
				GCC_NO_COMMON_BLOCKS = YES;
				GCC_OPTIMIZATION_LEVEL = 0;
				GCC_PREPROCESSOR_DEFINITIONS = (
					"DEBUG=1",
					"$(inherited)",
				);
				GCC_WARN_64_TO_32_BIT_CONVERSION = YES;
				GCC_WARN_ABOUT_RETURN_TYPE = YES_ERROR;
				GCC_WARN_UNDECLARED_SELECTOR = YES;
				GCC_WARN_UNINITIALIZED_AUTOS = YES_AGGRESSIVE;
				GCC_WARN_UNUSED_FUNCTION = YES;
				GCC_WARN_UNUSED_VARIABLE = YES;
				IPHONEOS_DEPLOYMENT_TARGET = 16.2;
				MTL_ENABLE_DEBUG_INFO = INCLUDE_SOURCE;
				MTL_FAST_MATH = YES;
				ONLY_ACTIVE_ARCH = YES;
				SDKROOT = iphoneos;
				SWIFT_ACTIVE_COMPILATION_CONDITIONS = DEBUG;
				SWIFT_OPTIMIZATION_LEVEL = "-Onone";
			};
			name = Debug;
		};
		6B7155B22990249C00FCAF90 /* Release */ = {
			isa = XCBuildConfiguration;
			buildSettings = {
				ALWAYS_SEARCH_USER_PATHS = NO;
				CLANG_ANALYZER_NONNULL = YES;
				CLANG_ANALYZER_NUMBER_OBJECT_CONVERSION = YES_AGGRESSIVE;
				CLANG_CXX_LANGUAGE_STANDARD = "gnu++20";
				CLANG_ENABLE_MODULES = YES;
				CLANG_ENABLE_OBJC_ARC = YES;
				CLANG_ENABLE_OBJC_WEAK = YES;
				CLANG_WARN_BLOCK_CAPTURE_AUTORELEASING = YES;
				CLANG_WARN_BOOL_CONVERSION = YES;
				CLANG_WARN_COMMA = YES;
				CLANG_WARN_CONSTANT_CONVERSION = YES;
				CLANG_WARN_DEPRECATED_OBJC_IMPLEMENTATIONS = YES;
				CLANG_WARN_DIRECT_OBJC_ISA_USAGE = YES_ERROR;
				CLANG_WARN_DOCUMENTATION_COMMENTS = YES;
				CLANG_WARN_EMPTY_BODY = YES;
				CLANG_WARN_ENUM_CONVERSION = YES;
				CLANG_WARN_INFINITE_RECURSION = YES;
				CLANG_WARN_INT_CONVERSION = YES;
				CLANG_WARN_NON_LITERAL_NULL_CONVERSION = YES;
				CLANG_WARN_OBJC_IMPLICIT_RETAIN_SELF = YES;
				CLANG_WARN_OBJC_LITERAL_CONVERSION = YES;
				CLANG_WARN_OBJC_ROOT_CLASS = YES_ERROR;
				CLANG_WARN_QUOTED_INCLUDE_IN_FRAMEWORK_HEADER = YES;
				CLANG_WARN_RANGE_LOOP_ANALYSIS = YES;
				CLANG_WARN_STRICT_PROTOTYPES = YES;
				CLANG_WARN_SUSPICIOUS_MOVE = YES;
				CLANG_WARN_UNGUARDED_AVAILABILITY = YES_AGGRESSIVE;
				CLANG_WARN_UNREACHABLE_CODE = YES;
				CLANG_WARN__DUPLICATE_METHOD_MATCH = YES;
				COPY_PHASE_STRIP = NO;
				DEBUG_INFORMATION_FORMAT = "dwarf-with-dsym";
				ENABLE_NS_ASSERTIONS = NO;
				ENABLE_STRICT_OBJC_MSGSEND = YES;
				GCC_C_LANGUAGE_STANDARD = gnu11;
				GCC_NO_COMMON_BLOCKS = YES;
				GCC_WARN_64_TO_32_BIT_CONVERSION = YES;
				GCC_WARN_ABOUT_RETURN_TYPE = YES_ERROR;
				GCC_WARN_UNDECLARED_SELECTOR = YES;
				GCC_WARN_UNINITIALIZED_AUTOS = YES_AGGRESSIVE;
				GCC_WARN_UNUSED_FUNCTION = YES;
				GCC_WARN_UNUSED_VARIABLE = YES;
				IPHONEOS_DEPLOYMENT_TARGET = 16.2;
				MTL_ENABLE_DEBUG_INFO = NO;
				MTL_FAST_MATH = YES;
				SDKROOT = iphoneos;
				SWIFT_COMPILATION_MODE = wholemodule;
				SWIFT_OPTIMIZATION_LEVEL = "-O";
				VALIDATE_PRODUCT = YES;
			};
			name = Release;
		};
		6B7155B42990249C00FCAF90 /* Debug */ = {
			isa = XCBuildConfiguration;
			buildSettings = {
				ASSETCATALOG_COMPILER_APPICON_NAME = AppIcon;
				ASSETCATALOG_COMPILER_GLOBAL_ACCENT_COLOR_NAME = AccentColor;
				CODE_SIGN_STYLE = Automatic;
				CURRENT_PROJECT_VERSION = 1;
				DEVELOPMENT_ASSET_PATHS = "\"Landmarks/Preview Content\"";
				DEVELOPMENT_TEAM = B5C67X65GA;
				ENABLE_PREVIEWS = YES;
				GENERATE_INFOPLIST_FILE = YES;
				INFOPLIST_KEY_UIApplicationSceneManifest_Generation = YES;
				INFOPLIST_KEY_UIApplicationSupportsIndirectInputEvents = YES;
				INFOPLIST_KEY_UILaunchScreen_Generation = YES;
				INFOPLIST_KEY_UISupportedInterfaceOrientations_iPad = "UIInterfaceOrientationPortrait UIInterfaceOrientationPortraitUpsideDown UIInterfaceOrientationLandscapeLeft UIInterfaceOrientationLandscapeRight";
				INFOPLIST_KEY_UISupportedInterfaceOrientations_iPhone = "UIInterfaceOrientationPortrait UIInterfaceOrientationLandscapeLeft UIInterfaceOrientationLandscapeRight";
				LD_RUNPATH_SEARCH_PATHS = (
					"$(inherited)",
					"@executable_path/Frameworks",
				);
				MARKETING_VERSION = 1.0;
				PRODUCT_BUNDLE_IDENTIFIER = com.mxmaria.Landmarks;
				PRODUCT_NAME = "$(TARGET_NAME)";
				SWIFT_EMIT_LOC_STRINGS = YES;
				SWIFT_VERSION = 5.0;
				TARGETED_DEVICE_FAMILY = "1,2";
			};
			name = Debug;
		};
		6B7155B52990249C00FCAF90 /* Release */ = {
			isa = XCBuildConfiguration;
			buildSettings = {
				ASSETCATALOG_COMPILER_APPICON_NAME = AppIcon;
				ASSETCATALOG_COMPILER_GLOBAL_ACCENT_COLOR_NAME = AccentColor;
				CODE_SIGN_STYLE = Automatic;
				CURRENT_PROJECT_VERSION = 1;
				DEVELOPMENT_ASSET_PATHS = "\"Landmarks/Preview Content\"";
				DEVELOPMENT_TEAM = B5C67X65GA;
				ENABLE_PREVIEWS = YES;
				GENERATE_INFOPLIST_FILE = YES;
				INFOPLIST_KEY_UIApplicationSceneManifest_Generation = YES;
				INFOPLIST_KEY_UIApplicationSupportsIndirectInputEvents = YES;
				INFOPLIST_KEY_UILaunchScreen_Generation = YES;
				INFOPLIST_KEY_UISupportedInterfaceOrientations_iPad = "UIInterfaceOrientationPortrait UIInterfaceOrientationPortraitUpsideDown UIInterfaceOrientationLandscapeLeft UIInterfaceOrientationLandscapeRight";
				INFOPLIST_KEY_UISupportedInterfaceOrientations_iPhone = "UIInterfaceOrientationPortrait UIInterfaceOrientationLandscapeLeft UIInterfaceOrientationLandscapeRight";
				LD_RUNPATH_SEARCH_PATHS = (
					"$(inherited)",
					"@executable_path/Frameworks",
				);
				MARKETING_VERSION = 1.0;
				PRODUCT_BUNDLE_IDENTIFIER = com.mxmaria.Landmarks;
				PRODUCT_NAME = "$(TARGET_NAME)";
				SWIFT_EMIT_LOC_STRINGS = YES;
				SWIFT_VERSION = 5.0;
				TARGETED_DEVICE_FAMILY = "1,2";
			};
			name = Release;
		};
/* End XCBuildConfiguration section */

/* Begin XCConfigurationList section */
		6B7155A02990249600FCAF90 /* Build configuration list for PBXProject "Landmarks" */ = {
			isa = XCConfigurationList;
			buildConfigurations = (
				6B7155B12990249C00FCAF90 /* Debug */,
				6B7155B22990249C00FCAF90 /* Release */,
			);
			defaultConfigurationIsVisible = 0;
			defaultConfigurationName = Release;
		};
		6B7155B32990249C00FCAF90 /* Build configuration list for PBXNativeTarget "Landmarks" */ = {
			isa = XCConfigurationList;
			buildConfigurations = (
				6B7155B42990249C00FCAF90 /* Debug */,
				6B7155B52990249C00FCAF90 /* Release */,
			);
			defaultConfigurationIsVisible = 0;
			defaultConfigurationName = Release;
		};
/* End XCConfigurationList section */
	};
	rootObject = 6B71559D2990249600FCAF90 /* Project object */;
}
